{
  "name": "evohome-monitor",
  "version": "1.0.0",
  "lockfileVersion": 1,
  "requires": true,
  "dependencies": {
    "@svrooij/evohome": {
      "version": "1.0.2",
      "resolved": "https://registry.npmjs.org/@svrooij/evohome/-/evohome-1.0.2.tgz",
      "integrity": "sha512-Wou6KuxaWmZmhF9MOyBcqJbR0fSTC+wIcpsMigS/rd26Ptb4llqQmhkaUsgToV9uRZcgPt4j/iaGrnpsxq1n0A==",
      "requires": {
        "node-fetch": "^2.6.1"
      }
    },
    "node-fetch": {
      "version": "2.6.1",
      "resolved": "https://registry.npmjs.org/node-fetch/-/node-fetch-2.6.1.tgz",
      "integrity": "sha512-V4aYg89jEoVRxRb2fJdAg8FHvI7cEyYdVAh94HH0UIK8oJxUfkjlDQN9RbMx+bEjP7+ggMiFRprSti032Oipxw=="
    }
  }
}
